
Microsoft Visual Studio Solution File, Format Version 12.00
# Visual Studio 15
VisualStudioVersion = 15.0.26430.14
MinimumVisualStudioVersion = 10.0.40219.1
Project("{2150E333-8FDC-42A3-9474-1A3956D46DE8}") = "src", "src", "{2540CE20-3B60-4B0E-968D-0C6920F5BDBE}"
EndProject
Project("{2150E333-8FDC-42A3-9474-1A3956D46DE8}") = "Solution Items", "Solution Items", "{541C36FD-487F-4008-8487-2EF1B8368E20}"
EndProject
Project("{9A19103F-16F7-4668-BE54-9A1E7A4F7556}") = "AppServiceInfo", "src\AppServiceInfo\AppServiceInfo.csproj", "{A4EF98DB-148C-4FD6-A2B5-E712E5450517}"
EndProject
Global
	GlobalSection(SolutionConfigurationPlatforms) = preSolution
		Debug|Any CPU = Debug|Any CPU
		Release|Any CPU = Release|Any CPU
	EndGlobalSection
	GlobalSection(ProjectConfigurationPlatforms) = postSolution
		{A4EF98DB-148C-4FD6-A2B5-E712E5450517}.Debug|Any CPU.ActiveCfg = Debug|Any CPU
		{A4EF98DB-148C-4FD6-A2B5-E712E5450517}.Debug|Any CPU.Build.0 = Debug|Any CPU
		{A4EF98DB-148C-4FD6-A2B5-E712E5450517}.Release|Any CPU.ActiveCfg = Release|Any CPU
		{A4EF98DB-148C-4FD6-A2B5-E712E5450517}.Release|Any CPU.Build.0 = Release|Any CPU
	EndGlobalSection
	GlobalSection(SolutionProperties) = preSolution
		HideSolutionNode = FALSE
	EndGlobalSection
	GlobalSection(NestedProjects) = preSolution
		{A4EF98DB-148C-4FD6-A2B5-E712E5450517} = {2540CE20-3B60-4B0E-968D-0C6920F5BDBE}
	EndGlobalSection
EndGlobal
